{
  "version": 4,
  "terraform_version": "1.10.4",
  "serial": 67,
  "lineage": "54741e96-4348-b9d7-0639-8266176a1585",
  "outputs": {},
  "resources": [
    {
      "mode": "data",
      "type": "archive_file",
      "name": "learn_lambda_annotations_file",
      "provider": "provider[\"registry.terraform.io/hashicorp/archive\"]",
      "instances": [
        {
          "schema_version": 0,
          "attributes": {
            "exclude_symlink_directories": null,
            "excludes": null,
            "id": "e61bfa1ed4b363aaf72d06759a6c88d72f4aabe1",
            "output_base64sha256": "6HYT1J8qlNPUNfUQjg9JOayDQ+7PgmPqmRMbVSFGA9E=",
            "output_base64sha512": "tJISCgd18USMUDBTaiK+WQcKnHuuR1yq3RsBBmyvXamWeCtdqAj+SCjAXskiSO/vsCF/QvsIFphhkBCFhePVnw==",
            "output_file_mode": null,
            "output_md5": "89442bc3d51789203ae16fe860a1e1a0",
            "output_path": "learn_lambda_annotations.zip",
            "output_sha": "e61bfa1ed4b363aaf72d06759a6c88d72f4aabe1",
            "output_sha256": "e87613d49f2a94d3d435f5108e0f4939ac8343eecf8263ea99131b55214603d1",
            "output_sha512": "b492120a0775f1448c5030536a22be59070a9c7bae475caadd1b01066caf5da996782b5da808fe4828c05ec92248efefb0217f42fb0816986190108585e3d59f",
            "output_size": 120284,
            "source": [],
            "source_content": null,
            "source_content_filename": null,
            "source_dir": "../LearnLambdaAnnotations/src/publish",
            "source_file": null,
            "type": "zip"
          },
          "sensitive_attributes": []
        }
      ]
    },
    {
      "mode": "data",
      "type": "aws_iam_policy_document",
      "name": "assume_role",
      "provider": "provider[\"registry.terraform.io/hashicorp/aws\"]",
      "instances": [
        {
          "schema_version": 0,
          "attributes": {
            "id": "2690255455",
            "json": "{\n  \"Version\": \"2012-10-17\",\n  \"Statement\": [\n    {\n      \"Effect\": \"Allow\",\n      \"Action\": \"sts:AssumeRole\",\n      \"Principal\": {\n        \"Service\": \"lambda.amazonaws.com\"\n      }\n    }\n  ]\n}",
            "override_policy_documents": null,
            "policy_id": null,
            "source_policy_documents": null,
            "statement": [
              {
                "actions": [
                  "sts:AssumeRole"
                ],
                "condition": [],
                "effect": "Allow",
                "not_actions": [],
                "not_principals": [],
                "not_resources": [],
                "principals": [
                  {
                    "identifiers": [
                      "lambda.amazonaws.com"
                    ],
                    "type": "Service"
                  }
                ],
                "resources": [],
                "sid": ""
              }
            ],
            "version": "2012-10-17"
          },
          "sensitive_attributes": []
        }
      ]
    },
    {
      "mode": "data",
      "type": "aws_iam_policy_document",
      "name": "iam_learn_lambda_annotations_execution",
      "provider": "provider[\"registry.terraform.io/hashicorp/aws\"]",
      "instances": [
        {
          "schema_version": 0,
          "attributes": {
            "id": "16712114",
            "json": "{\n  \"Version\": \"2012-10-17\",\n  \"Statement\": [\n    {\n      \"Effect\": \"Allow\",\n      \"Action\": [\n        \"logs:PutLogEvents\",\n        \"logs:CreateLogStream\",\n        \"logs:CreateLogGroup\"\n      ],\n      \"Resource\": \"arn:aws:logs:*:*:*\"\n    }\n  ]\n}",
            "override_policy_documents": null,
            "policy_id": null,
            "source_policy_documents": null,
            "statement": [
              {
                "actions": [
                  "logs:CreateLogGroup",
                  "logs:CreateLogStream",
                  "logs:PutLogEvents"
                ],
                "condition": [],
                "effect": "Allow",
                "not_actions": [],
                "not_principals": [],
                "not_resources": [],
                "principals": [],
                "resources": [
                  "arn:aws:logs:*:*:*"
                ],
                "sid": ""
              }
            ],
            "version": "2012-10-17"
          },
          "sensitive_attributes": []
        }
      ]
    },
    {
      "mode": "managed",
      "type": "aws_iam_role",
      "name": "iam_learn_lambda_annotations",
      "provider": "provider[\"registry.terraform.io/hashicorp/aws\"]",
      "instances": [
        {
          "schema_version": 0,
          "attributes": {
            "arn": "arn:aws:iam::266804135388:role/iam_learn_lambda_annotations",
            "assume_role_policy": "{\"Statement\":[{\"Action\":\"sts:AssumeRole\",\"Effect\":\"Allow\",\"Principal\":{\"Service\":\"lambda.amazonaws.com\"}}],\"Version\":\"2012-10-17\"}",
            "create_date": "2025-01-11T16:17:23Z",
            "description": "",
            "force_detach_policies": false,
            "id": "iam_learn_lambda_annotations",
            "inline_policy": [
              {
                "name": "iam_learn_lambda_annotations_execution",
                "policy": "{\"Version\":\"2012-10-17\",\"Statement\":[{\"Action\":[\"logs:PutLogEvents\",\"logs:CreateLogStream\",\"logs:CreateLogGroup\"],\"Effect\":\"Allow\",\"Resource\":\"arn:aws:logs:*:*:*\"}]}"
              }
            ],
            "managed_policy_arns": [],
            "max_session_duration": 3600,
            "name": "iam_learn_lambda_annotations",
            "name_prefix": "",
            "path": "/",
            "permissions_boundary": "",
            "tags": {},
            "tags_all": {},
            "unique_id": "AROAT4HWEAXOHMEQUUCNF"
          },
          "sensitive_attributes": [],
          "private": "bnVsbA==",
          "dependencies": [
            "data.aws_iam_policy_document.assume_role",
            "data.aws_iam_policy_document.iam_learn_lambda_annotations_execution"
          ]
        }
      ]
    },
    {
      "mode": "managed",
      "type": "aws_lambda_function",
      "name": "learn_lambda_annotations",
      "provider": "provider[\"registry.terraform.io/hashicorp/aws\"]",
      "instances": [
        {
          "schema_version": 0,
          "attributes": {
            "architectures": [
              "x86_64"
            ],
            "arn": "arn:aws:lambda:eu-west-2:266804135388:function:LearnLambdaAnnotations",
            "code_signing_config_arn": "",
            "dead_letter_config": [],
            "description": "",
            "environment": [],
            "ephemeral_storage": [
              {
                "size": 512
              }
            ],
            "file_system_config": [],
            "filename": "learn_lambda_annotations.zip",
            "function_name": "LearnLambdaAnnotations",
            "handler": "LearnLambdaAnnotations::LearnLambdaAnnotations.Functions_Add_Generated::Add",
            "id": "LearnLambdaAnnotations",
            "image_config": [],
            "image_uri": "",
            "invoke_arn": "arn:aws:apigateway:eu-west-2:lambda:path/2015-03-31/functions/arn:aws:lambda:eu-west-2:266804135388:function:LearnLambdaAnnotations/invocations",
            "kms_key_arn": "",
            "last_modified": "2025-01-11T17:55:11.000+0000",
            "layers": [],
            "logging_config": [
              {
                "application_log_level": "",
                "log_format": "Text",
                "log_group": "/aws/lambda/LearnLambdaAnnotations",
                "system_log_level": ""
              }
            ],
            "memory_size": 128,
            "package_type": "Zip",
            "publish": false,
            "qualified_arn": "arn:aws:lambda:eu-west-2:266804135388:function:LearnLambdaAnnotations:$LATEST",
            "qualified_invoke_arn": "arn:aws:apigateway:eu-west-2:lambda:path/2015-03-31/functions/arn:aws:lambda:eu-west-2:266804135388:function:LearnLambdaAnnotations:$LATEST/invocations",
            "replace_security_groups_on_destroy": null,
            "replacement_security_group_ids": null,
            "reserved_concurrent_executions": -1,
            "role": "arn:aws:iam::266804135388:role/iam_learn_lambda_annotations",
            "runtime": "dotnet8",
            "s3_bucket": null,
            "s3_key": null,
            "s3_object_version": null,
            "signing_job_arn": "",
            "signing_profile_version_arn": "",
            "skip_destroy": false,
            "snap_start": [],
            "source_code_hash": "6HYT1J8qlNPUNfUQjg9JOayDQ+7PgmPqmRMbVSFGA9E=",
            "source_code_size": 120284,
            "tags": {},
            "tags_all": {},
            "timeout": 3,
            "timeouts": null,
            "tracing_config": [
              {
                "mode": "PassThrough"
              }
            ],
            "version": "$LATEST",
            "vpc_config": []
          },
          "sensitive_attributes": [],
          "private": "eyJlMmJmYjczMC1lY2FhLTExZTYtOGY4OC0zNDM2M2JjN2M0YzAiOnsiY3JlYXRlIjo2MDAwMDAwMDAwMDAsImRlbGV0ZSI6NjAwMDAwMDAwMDAwLCJ1cGRhdGUiOjYwMDAwMDAwMDAwMH19",
          "dependencies": [
            "aws_iam_role.iam_learn_lambda_annotations",
            "data.archive_file.learn_lambda_annotations_file",
            "data.aws_iam_policy_document.assume_role",
            "data.aws_iam_policy_document.iam_learn_lambda_annotations_execution",
            "null_resource.build_lambda"
          ]
        }
      ]
    },
    {
      "mode": "managed",
      "type": "aws_lambda_function",
      "name": "test_lambda_annotations",
      "provider": "provider[\"registry.terraform.io/hashicorp/aws\"]",
      "instances": [
        {
          "schema_version": 0,
          "attributes": {
            "architectures": [
              "x86_64"
            ],
            "arn": "arn:aws:lambda:eu-west-2:266804135388:function:TestLambdaAnnotations",
            "code_signing_config_arn": "",
            "dead_letter_config": [],
            "description": "",
            "environment": [],
            "ephemeral_storage": [
              {
                "size": 512
              }
            ],
            "file_system_config": [],
            "filename": "learn_lambda_annotations.zip",
            "function_name": "TestLambdaAnnotations",
            "handler": "LearnLambdaAnnotations::LearnLambdaAnnotations.Functions_TestFunction_Generated::TestFunction",
            "id": "TestLambdaAnnotations",
            "image_config": [],
            "image_uri": "",
            "invoke_arn": "arn:aws:apigateway:eu-west-2:lambda:path/2015-03-31/functions/arn:aws:lambda:eu-west-2:266804135388:function:TestLambdaAnnotations/invocations",
            "kms_key_arn": "",
            "last_modified": "2025-01-11T17:55:17.000+0000",
            "layers": [],
            "logging_config": [
              {
                "application_log_level": "",
                "log_format": "Text",
                "log_group": "/aws/lambda/TestLambdaAnnotations",
                "system_log_level": ""
              }
            ],
            "memory_size": 128,
            "package_type": "Zip",
            "publish": false,
            "qualified_arn": "arn:aws:lambda:eu-west-2:266804135388:function:TestLambdaAnnotations:$LATEST",
            "qualified_invoke_arn": "arn:aws:apigateway:eu-west-2:lambda:path/2015-03-31/functions/arn:aws:lambda:eu-west-2:266804135388:function:TestLambdaAnnotations:$LATEST/invocations",
            "replace_security_groups_on_destroy": null,
            "replacement_security_group_ids": null,
            "reserved_concurrent_executions": -1,
            "role": "arn:aws:iam::266804135388:role/iam_learn_lambda_annotations",
            "runtime": "dotnet8",
            "s3_bucket": null,
            "s3_key": null,
            "s3_object_version": null,
            "signing_job_arn": "",
            "signing_profile_version_arn": "",
            "skip_destroy": false,
            "snap_start": [],
            "source_code_hash": "6HYT1J8qlNPUNfUQjg9JOayDQ+7PgmPqmRMbVSFGA9E=",
            "source_code_size": 120284,
            "tags": {},
            "tags_all": {},
            "timeout": 3,
            "timeouts": null,
            "tracing_config": [
              {
                "mode": "PassThrough"
              }
            ],
            "version": "$LATEST",
            "vpc_config": []
          },
          "sensitive_attributes": [],
          "private": "eyJlMmJmYjczMC1lY2FhLTExZTYtOGY4OC0zNDM2M2JjN2M0YzAiOnsiY3JlYXRlIjo2MDAwMDAwMDAwMDAsImRlbGV0ZSI6NjAwMDAwMDAwMDAwLCJ1cGRhdGUiOjYwMDAwMDAwMDAwMH19",
          "dependencies": [
            "aws_iam_role.iam_learn_lambda_annotations",
            "data.archive_file.learn_lambda_annotations_file",
            "data.aws_iam_policy_document.assume_role",
            "data.aws_iam_policy_document.iam_learn_lambda_annotations_execution",
            "null_resource.build_lambda"
          ]
        }
      ]
    },
    {
      "mode": "managed",
      "type": "aws_lambda_function_url",
      "name": "learn_lambda_annotations_url",
      "provider": "provider[\"registry.terraform.io/hashicorp/aws\"]",
      "instances": [
        {
          "schema_version": 0,
          "attributes": {
            "authorization_type": "NONE",
            "cors": [],
            "function_arn": "arn:aws:lambda:eu-west-2:266804135388:function:LearnLambdaAnnotations",
            "function_name": "LearnLambdaAnnotations",
            "function_url": "https://ptgl3ba77qcwrtkjk6w5o4cq6u0ipusk.lambda-url.eu-west-2.on.aws/",
            "id": "LearnLambdaAnnotations",
            "invoke_mode": "BUFFERED",
            "qualifier": "",
            "timeouts": null,
            "url_id": "ptgl3ba77qcwrtkjk6w5o4cq6u0ipusk"
          },
          "sensitive_attributes": [],
          "private": "eyJlMmJmYjczMC1lY2FhLTExZTYtOGY4OC0zNDM2M2JjN2M0YzAiOnsiY3JlYXRlIjo2MDAwMDAwMDAwMDB9fQ==",
          "dependencies": [
            "aws_iam_role.iam_learn_lambda_annotations",
            "aws_lambda_function.learn_lambda_annotations",
            "data.archive_file.learn_lambda_annotations_file",
            "data.aws_iam_policy_document.assume_role",
            "data.aws_iam_policy_document.iam_learn_lambda_annotations_execution",
            "null_resource.build_lambda"
          ]
        }
      ]
    },
    {
      "mode": "managed",
      "type": "null_resource",
      "name": "build_lambda",
      "provider": "provider[\"registry.terraform.io/hashicorp/null\"]",
      "instances": [
        {
          "schema_version": 0,
          "attributes": {
            "id": "9212371693683820641",
            "triggers": {
              "always_run": "2025-01-11T17:54:55Z"
            }
          },
          "sensitive_attributes": []
        }
      ]
    }
  ],
  "check_results": null
}
